<?xml version="1.0" encoding="utf-8"?>
<Project ToolsVersion="4.0" xmlns="http://schemas.microsoft.com/developer/msbuild/2003">
  <ItemGroup>
    <Filter Include="Header Files">
      <UniqueIdentifier>{93995380-89BD-4b04-88EB-625FBE52EBFB}</UniqueIdentifier>
      <Extensions>h;hh;hpp;hxx;h++;hm;inl;inc;ipp;xsd</Extensions>
    </Filter>
    <Filter Include="Matlab">
      <UniqueIdentifier>{f746b6c8-9f39-42b3-bea8-022ac3fe18c0}</UniqueIdentifier>
    </Filter>
    <Filter Include="Matlab\NewFilter1">
      <UniqueIdentifier>{ccdd0ced-d4b7-4476-810b-d770e4070653}</UniqueIdentifier>
    </Filter>
    <Filter Include="C">
      <UniqueIdentifier>{a0284a84-af57-4db4-aa52-c3faeee8e55a}</UniqueIdentifier>
    </Filter>
    <Filter Include="matlab_additions">
      <UniqueIdentifier>{46dba7af-382f-4e85-bea4-fab98b2e0ae5}</UniqueIdentifier>
    </Filter>
  </ItemGroup>
  <ItemGroup>
    <ClCompile Include="matlab\cosd.c">
      <Filter>Matlab</Filter>
    </ClCompile>
    <ClCompile Include="matlab\fft.c">
      <Filter>Matlab</Filter>
    </ClCompile>
    <ClCompile Include="matlab\FFTImplementationCallback.c">
      <Filter>Matlab</Filter>
    </ClCompile>
    <ClCompile Include="matlab\main_scanner.c">
      <Filter>Matlab</Filter>
    </ClCompile>
    <ClCompile Include="matlab\main_scanner_data.c">
      <Filter>Matlab</Filter>
    </ClCompile>
    <ClCompile Include="matlab\main_scanner_emxutil.c">
      <Filter>Matlab</Filter>
    </ClCompile>
    <ClCompile Include="matlab\main_scanner_initialize.c">
      <Filter>Matlab</Filter>
    </ClCompile>
    <ClCompile Include="matlab\main_scanner_rtwutil.c">
      <Filter>Matlab</Filter>
    </ClCompile>
    <ClCompile Include="matlab\main_scanner_terminate.c">
      <Filter>Matlab</Filter>
    </ClCompile>
    <ClCompile Include="matlab\rt_nonfinite.c">
      <Filter>Matlab</Filter>
    </ClCompile>
    <ClCompile Include="matlab\rtGetInf.c">
      <Filter>Matlab</Filter>
    </ClCompile>
    <ClCompile Include="matlab\rtGetNaN.c">
      <Filter>Matlab</Filter>
    </ClCompile>
    <ClCompile Include="matlab\sind.c">
      <Filter>Matlab</Filter>
    </ClCompile>
    <ClCompile Include="matlab\tone_search.c">
      <Filter>Matlab</Filter>
    </ClCompile>
    <ClCompile Include="C\filesave.cpp">
      <Filter>C</Filter>
    </ClCompile>
    <ClCompile Include="C\globalconst.cpp">
      <Filter>C</Filter>
    </ClCompile>
    <ClCompile Include="C\main.cpp">
      <Filter>C</Filter>
    </ClCompile>
  </ItemGroup>
  <ItemGroup>
    <ClInclude Include="matlab\cosd.h">
      <Filter>Matlab</Filter>
    </ClInclude>
    <ClInclude Include="matlab\fft.h">
      <Filter>Matlab</Filter>
    </ClInclude>
    <ClInclude Include="matlab\FFTImplementationCallback.h">
      <Filter>Matlab</Filter>
    </ClInclude>
    <ClInclude Include="matlab\main_scanner.h">
      <Filter>Matlab</Filter>
    </ClInclude>
    <ClInclude Include="matlab\main_scanner_data.h">
      <Filter>Matlab</Filter>
    </ClInclude>
    <ClInclude Include="matlab\main_scanner_emxutil.h">
      <Filter>Matlab</Filter>
    </ClInclude>
    <ClInclude Include="matlab\main_scanner_initialize.h">
      <Filter>Matlab</Filter>
    </ClInclude>
    <ClInclude Include="matlab\main_scanner_rtwutil.h">
      <Filter>Matlab</Filter>
    </ClInclude>
    <ClInclude Include="matlab\main_scanner_terminate.h">
      <Filter>Matlab</Filter>
    </ClInclude>
    <ClInclude Include="matlab\main_scanner_types.h">
      <Filter>Matlab</Filter>
    </ClInclude>
    <ClInclude Include="matlab\rt_nonfinite.h">
      <Filter>Matlab</Filter>
    </ClInclude>
    <ClInclude Include="matlab\rtGetInf.h">
      <Filter>Matlab</Filter>
    </ClInclude>
    <ClInclude Include="matlab\rtGetNaN.h">
      <Filter>Matlab</Filter>
    </ClInclude>
    <ClInclude Include="matlab\rtwtypes.h">
      <Filter>Matlab</Filter>
    </ClInclude>
    <ClInclude Include="matlab\sind.h">
      <Filter>Matlab</Filter>
    </ClInclude>
    <ClInclude Include="matlab\tone_search.h">
      <Filter>Matlab</Filter>
    </ClInclude>
    <ClInclude Include="C\csv_parser.h">
      <Filter>C</Filter>
    </ClInclude>
    <ClInclude Include="C\csv_parser.hpp">
      <Filter>C</Filter>
    </ClInclude>
    <ClInclude Include="C\filesave.h">
      <Filter>C</Filter>
    </ClInclude>
    <ClInclude Include="C\globalconst.h">
      <Filter>C</Filter>
    </ClInclude>
    <ClInclude Include="matlab_additions\tmwtypes.h">
      <Filter>matlab_additions</Filter>
    </ClInclude>
  </ItemGroup>
</Project>